// !$*UTF8*$!
{
	archiveVersion = 1;
	classes = {
	};
	objectVersion = 50;
	objects = {

/* Begin PBXBuildFile section */
		2809594922B88178002EEBB3 /* AppDelegate.m in Sources */ = {isa = PBXBuildFile; fileRef = 2809594822B88178002EEBB3 /* AppDelegate.m */; };
		2809594C22B88178002EEBB3 /* ViewController.m in Sources */ = {isa = PBXBuildFile; fileRef = 2809594B22B88178002EEBB3 /* ViewController.m */; };
		2809594F22B88178002EEBB3 /* Main.storyboard in Resources */ = {isa = PBXBuildFile; fileRef = 2809594D22B88178002EEBB3 /* Main.storyboard */; };
		2809595122B8817C002EEBB3 /* Assets.xcassets in Resources */ = {isa = PBXBuildFile; fileRef = 2809595022B8817C002EEBB3 /* Assets.xcassets */; };
		2809595422B8817C002EEBB3 /* LaunchScreen.storyboard in Resources */ = {isa = PBXBuildFile; fileRef = 2809595222B8817C002EEBB3 /* LaunchScreen.storyboard */; };
		2809595722B8817C002EEBB3 /* main.m in Sources */ = {isa = PBXBuildFile; fileRef = 2809595622B8817C002EEBB3 /* main.m */; };
		2809596D22B881CC002EEBB3 /* UITextField+GYFactory.m in Sources */ = {isa = PBXBuildFile; fileRef = 2809596222B881CB002EEBB3 /* UITextField+GYFactory.m */; };
		2809596E22B881CC002EEBB3 /* UILabel+GYFactory.m in Sources */ = {isa = PBXBuildFile; fileRef = 2809596322B881CB002EEBB3 /* UILabel+GYFactory.m */; };
		2809596F22B881CC002EEBB3 /* UIView+GYFactory.m in Sources */ = {isa = PBXBuildFile; fileRef = 2809596522B881CB002EEBB3 /* UIView+GYFactory.m */; };
		2809597022B881CC002EEBB3 /* UIButton+GYFactory.m in Sources */ = {isa = PBXBuildFile; fileRef = 2809596622B881CB002EEBB3 /* UIButton+GYFactory.m */; };
		2809597122B881CC002EEBB3 /* UIImageView+GYFactory.m in Sources */ = {isa = PBXBuildFile; fileRef = 2809596722B881CB002EEBB3 /* UIImageView+GYFactory.m */; };
		2809597222B881CC002EEBB3 /* UITextView+GYFactory.m in Sources */ = {isa = PBXBuildFile; fileRef = 2809596922B881CB002EEBB3 /* UITextView+GYFactory.m */; };
/* End PBXBuildFile section */

/* Begin PBXFileReference section */
		2809594422B88178002EEBB3 /* GYUIFactory.app */ = {isa = PBXFileReference; explicitFileType = wrapper.application; includeInIndex = 0; path = GYUIFactory.app; sourceTree = BUILT_PRODUCTS_DIR; };
		2809594722B88178002EEBB3 /* AppDelegate.h */ = {isa = PBXFileReference; lastKnownFileType = sourcecode.c.h; path = AppDelegate.h; sourceTree = "<group>"; };
		2809594822B88178002EEBB3 /* AppDelegate.m */ = {isa = PBXFileReference; lastKnownFileType = sourcecode.c.objc; path = AppDelegate.m; sourceTree = "<group>"; };
		2809594A22B88178002EEBB3 /* ViewController.h */ = {isa = PBXFileReference; lastKnownFileType = sourcecode.c.h; path = ViewController.h; sourceTree = "<group>"; };
		2809594B22B88178002EEBB3 /* ViewController.m */ = {isa = PBXFileReference; lastKnownFileType = sourcecode.c.objc; path = ViewController.m; sourceTree = "<group>"; };
		2809594E22B88178002EEBB3 /* Base */ = {isa = PBXFileReference; lastKnownFileType = file.storyboard; name = Base; path = Base.lproj/Main.storyboard; sourceTree = "<group>"; };
		2809595022B8817C002EEBB3 /* Assets.xcassets */ = {isa = PBXFileReference; lastKnownFileType = folder.assetcatalog; path = Assets.xcassets; sourceTree = "<group>"; };
		2809595322B8817C002EEBB3 /* Base */ = {isa = PBXFileReference; lastKnownFileType = file.storyboard; name = Base; path = Base.lproj/LaunchScreen.storyboard; sourceTree = "<group>"; };
		2809595522B8817C002EEBB3 /* Info.plist */ = {isa = PBXFileReference; lastKnownFileType = text.plist.xml; path = Info.plist; sourceTree = "<group>"; };
		2809595622B8817C002EEBB3 /* main.m */ = {isa = PBXFileReference; lastKnownFileType = sourcecode.c.objc; path = main.m; sourceTree = "<group>"; };
		2809595E22B881CB002EEBB3 /* UIButton+GYFactory.h */ = {isa = PBXFileReference; fileEncoding = 4; lastKnownFileType = sourcecode.c.h; path = "UIButton+GYFactory.h"; sourceTree = "<group>"; };
		2809595F22B881CB002EEBB3 /* UIView+GYFactory.h */ = {isa = PBXFileReference; fileEncoding = 4; lastKnownFileType = sourcecode.c.h; path = "UIView+GYFactory.h"; sourceTree = "<group>"; };
		2809596022B881CB002EEBB3 /* UITextView+GYFactory.h */ = {isa = PBXFileReference; fileEncoding = 4; lastKnownFileType = sourcecode.c.h; path = "UITextView+GYFactory.h"; sourceTree = "<group>"; };
		2809596122B881CB002EEBB3 /* UIImageView+GYFactory.h */ = {isa = PBXFileReference; fileEncoding = 4; lastKnownFileType = sourcecode.c.h; path = "UIImageView+GYFactory.h"; sourceTree = "<group>"; };
		2809596222B881CB002EEBB3 /* UITextField+GYFactory.m */ = {isa = PBXFileReference; fileEncoding = 4; lastKnownFileType = sourcecode.c.objc; path = "UITextField+GYFactory.m"; sourceTree = "<group>"; };
		2809596322B881CB002EEBB3 /* UILabel+GYFactory.m */ = {isa = PBXFileReference; fileEncoding = 4; lastKnownFileType = sourcecode.c.objc; path = "UILabel+GYFactory.m"; sourceTree = "<group>"; };
		2809596522B881CB002EEBB3 /* UIView+GYFactory.m */ = {isa = PBXFileReference; fileEncoding = 4; lastKnownFileType = sourcecode.c.objc; path = "UIView+GYFactory.m"; sourceTree = "<group>"; };
		2809596622B881CB002EEBB3 /* UIButton+GYFactory.m */ = {isa = PBXFileReference; fileEncoding = 4; lastKnownFileType = sourcecode.c.objc; path = "UIButton+GYFactory.m"; sourceTree = "<group>"; };
		2809596722B881CB002EEBB3 /* UIImageView+GYFactory.m */ = {isa = PBXFileReference; fileEncoding = 4; lastKnownFileType = sourcecode.c.objc; path = "UIImageView+GYFactory.m"; sourceTree = "<group>"; };
		2809596822B881CB002EEBB3 /* GYUIFactory.h */ = {isa = PBXFileReference; fileEncoding = 4; lastKnownFileType = sourcecode.c.h; path = GYUIFactory.h; sourceTree = "<group>"; };
		2809596922B881CB002EEBB3 /* UITextView+GYFactory.m */ = {isa = PBXFileReference; fileEncoding = 4; lastKnownFileType = sourcecode.c.objc; path = "UITextView+GYFactory.m"; sourceTree = "<group>"; };
		2809596B22B881CB002EEBB3 /* UILabel+GYFactory.h */ = {isa = PBXFileReference; fileEncoding = 4; lastKnownFileType = sourcecode.c.h; path = "UILabel+GYFactory.h"; sourceTree = "<group>"; };
		2809596C22B881CB002EEBB3 /* UITextField+GYFactory.h */ = {isa = PBXFileReference; fileEncoding = 4; lastKnownFileType = sourcecode.c.h; path = "UITextField+GYFactory.h"; sourceTree = "<group>"; };
/* End PBXFileReference section */

/* Begin PBXFrameworksBuildPhase section */
		2809594122B88178002EEBB3 /* Frameworks */ = {
			isa = PBXFrameworksBuildPhase;
			buildActionMask = 2147483647;
			files = (
			);
			runOnlyForDeploymentPostprocessing = 0;
		};
/* End PBXFrameworksBuildPhase section */

/* Begin PBXGroup section */
		2809593B22B88178002EEBB3 = {
			isa = PBXGroup;
			children = (
				2809594622B88178002EEBB3 /* GYUIFactory */,
				2809594522B88178002EEBB3 /* Products */,
			);
			sourceTree = "<group>";
		};
		2809594522B88178002EEBB3 /* Products */ = {
			isa = PBXGroup;
			children = (
				2809594422B88178002EEBB3 /* GYUIFactory.app */,
			);
			name = Products;
			sourceTree = "<group>";
		};
		2809594622B88178002EEBB3 /* GYUIFactory */ = {
			isa = PBXGroup;
			children = (
				2809594722B88178002EEBB3 /* AppDelegate.h */,
				2809594822B88178002EEBB3 /* AppDelegate.m */,
				2809594A22B88178002EEBB3 /* ViewController.h */,
				2809594B22B88178002EEBB3 /* ViewController.m */,
				2809595D22B881CB002EEBB3 /* UIFactory */,
				2809594D22B88178002EEBB3 /* Main.storyboard */,
				2809595022B8817C002EEBB3 /* Assets.xcassets */,
				2809595222B8817C002EEBB3 /* LaunchScreen.storyboard */,
				2809595522B8817C002EEBB3 /* Info.plist */,
				2809595622B8817C002EEBB3 /* main.m */,
			);
			path = GYUIFactory;
			sourceTree = "<group>";
		};
		2809595D22B881CB002EEBB3 /* UIFactory */ = {
			isa = PBXGroup;
			children = (
				2809595E22B881CB002EEBB3 /* UIButton+GYFactory.h */,
				2809595F22B881CB002EEBB3 /* UIView+GYFactory.h */,
				2809596022B881CB002EEBB3 /* UITextView+GYFactory.h */,
				2809596122B881CB002EEBB3 /* UIImageView+GYFactory.h */,
				2809596222B881CB002EEBB3 /* UITextField+GYFactory.m */,
				2809596322B881CB002EEBB3 /* UILabel+GYFactory.m */,
				2809596522B881CB002EEBB3 /* UIView+GYFactory.m */,
				2809596622B881CB002EEBB3 /* UIButton+GYFactory.m */,
				2809596722B881CB002EEBB3 /* UIImageView+GYFactory.m */,
				2809596822B881CB002EEBB3 /* GYUIFactory.h */,
				2809596922B881CB002EEBB3 /* UITextView+GYFactory.m */,
				2809596B22B881CB002EEBB3 /* UILabel+GYFactory.h */,
				2809596C22B881CB002EEBB3 /* UITextField+GYFactory.h */,
			);
			path = UIFactory;
			sourceTree = "<group>";
		};
/* End PBXGroup section */

/* Begin PBXNativeTarget section */
		2809594322B88178002EEBB3 /* GYUIFactory */ = {
			isa = PBXNativeTarget;
			buildConfigurationList = 2809595A22B8817C002EEBB3 /* Build configuration list for PBXNativeTarget "GYUIFactory" */;
			buildPhases = (
				2809594022B88178002EEBB3 /* Sources */,
				2809594122B88178002EEBB3 /* Frameworks */,
				2809594222B88178002EEBB3 /* Resources */,
			);
			buildRules = (
			);
			dependencies = (
			);
			name = GYUIFactory;
			productName = GYUIFactory;
			productReference = 2809594422B88178002EEBB3 /* GYUIFactory.app */;
			productType = "com.apple.product-type.application";
		};
/* End PBXNativeTarget section */

/* Begin PBXProject section */
		2809593C22B88178002EEBB3 /* Project object */ = {
			isa = PBXProject;
			attributes = {
				LastUpgradeCheck = 1020;
				ORGANIZATIONNAME = Gaoyan;
				TargetAttributes = {
					2809594322B88178002EEBB3 = {
						CreatedOnToolsVersion = 10.2;
					};
				};
			};
			buildConfigurationList = 2809593F22B88178002EEBB3 /* Build configuration list for PBXProject "GYUIFactory" */;
			compatibilityVersion = "Xcode 9.3";
			developmentRegion = en;
			hasScannedForEncodings = 0;
			knownRegions = (
				en,
				Base,
			);
			mainGroup = 2809593B22B88178002EEBB3;
			productRefGroup = 2809594522B88178002EEBB3 /* Products */;
			projectDirPath = "";
			projectRoot = "";
			targets = (
				2809594322B88178002EEBB3 /* GYUIFactory */,
			);
		};
/* End PBXProject section */

/* Begin PBXResourcesBuildPhase section */
		2809594222B88178002EEBB3 /* Resources */ = {
			isa = PBXResourcesBuildPhase;
			buildActionMask = 2147483647;
			files = (
				2809595422B8817C002EEBB3 /* LaunchScreen.storyboard in Resources */,
				2809595122B8817C002EEBB3 /* Assets.xcassets in Resources */,
				2809594F22B88178002EEBB3 /* Main.storyboard in Resources */,
			);
			runOnlyForDeploymentPostprocessing = 0;
		};
/* End PBXResourcesBuildPhase section */

/* Begin PBXSourcesBuildPhase section */
		2809594022B88178002EEBB3 /* Sources */ = {
			isa = PBXSourcesBuildPhase;
			buildActionMask = 2147483647;
			files = (
				2809596D22B881CC002EEBB3 /* UITextField+GYFactory.m in Sources */,
				2809597222B881CC002EEBB3 /* UITextView+GYFactory.m in Sources */,
				2809597122B881CC002EEBB3 /* UIImageView+GYFactory.m in Sources */,
				2809596F22B881CC002EEBB3 /* UIView+GYFactory.m in Sources */,
				2809594C22B88178002EEBB3 /* ViewController.m in Sources */,
				2809595722B8817C002EEBB3 /* main.m in Sources */,
				2809597022B881CC002EEBB3 /* UIButton+GYFactory.m in Sources */,
				2809594922B88178002EEBB3 /* AppDelegate.m in Sources */,
				2809596E22B881CC002EEBB3 /* UILabel+GYFactory.m in Sources */,
			);
			runOnlyForDeploymentPostprocessing = 0;
		};
/* End PBXSourcesBuildPhase section */

/* Begin PBXVariantGroup section */
		2809594D22B88178002EEBB3 /* Main.storyboard */ = {
			isa = PBXVariantGroup;
			children = (
				2809594E22B88178002EEBB3 /* Base */,
			);
			name = Main.storyboard;
			sourceTree = "<group>";
		};
		2809595222B8817C002EEBB3 /* LaunchScreen.storyboard */ = {
			isa = PBXVariantGroup;
			children = (
				2809595322B8817C002EEBB3 /* Base */,
			);
			name = LaunchScreen.storyboard;
			sourceTree = "<group>";
		};
/* End PBXVariantGroup section */

/* Begin XCBuildConfiguration section */
		2809595822B8817C002EEBB3 /* Debug */ = {
			isa = XCBuildConfiguration;
			buildSettings = {
				ALWAYS_SEARCH_USER_PATHS = NO;
				CLANG_ANALYZER_NONNULL = YES;
				CLANG_ANALYZER_NUMBER_OBJECT_CONVERSION = YES_AGGRESSIVE;
				CLANG_CXX_LANGUAGE_STANDARD = "gnu++14";
				CLANG_CXX_LIBRARY = "libc++";
				CLANG_ENABLE_MODULES = YES;
				CLANG_ENABLE_OBJC_ARC = YES;
				CLANG_ENABLE_OBJC_WEAK = YES;
				CLANG_WARN_BLOCK_CAPTURE_AUTORELEASING = YES;
				CLANG_WARN_BOOL_CONVERSION = YES;
				CLANG_WARN_COMMA = YES;
				CLANG_WARN_CONSTANT_CONVERSION = YES;
				CLANG_WARN_DEPRECATED_OBJC_IMPLEMENTATIONS = YES;
				CLANG_WARN_DIRECT_OBJC_ISA_USAGE = YES_ERROR;
				CLANG_WARN_DOCUMENTATION_COMMENTS = YES;
				CLANG_WARN_EMPTY_BODY = YES;
				CLANG_WARN_ENUM_CONVERSION = YES;
				CLANG_WARN_INFINITE_RECURSION = YES;
				CLANG_WARN_INT_CONVERSION = YES;
				CLANG_WARN_NON_LITERAL_NULL_CONVERSION = YES;
				CLANG_WARN_OBJC_IMPLICIT_RETAIN_SELF = YES;
				CLANG_WARN_OBJC_LITERAL_CONVERSION = YES;
				CLANG_WARN_OBJC_ROOT_CLASS = YES_ERROR;
				CLANG_WARN_RANGE_LOOP_ANALYSIS = YES;
				CLANG_WARN_STRICT_PROTOTYPES = YES;
				CLANG_WARN_SUSPICIOUS_MOVE = YES;
				CLANG_WARN_UNGUARDED_AVAILABILITY = YES_AGGRESSIVE;
				CLANG_WARN_UNREACHABLE_CODE = YES;
				CLANG_WARN__DUPLICATE_METHOD_MATCH = YES;
				CODE_SIGN_IDENTITY = "iPhone Developer";
				COPY_PHASE_STRIP = NO;
				DEBUG_INFORMATION_FORMAT = dwarf;
				ENABLE_STRICT_OBJC_MSGSEND = YES;
				ENABLE_TESTABILITY = YES;
				GCC_C_LANGUAGE_STANDARD = gnu11;
				GCC_DYNAMIC_NO_PIC = NO;
				GCC_NO_COMMON_BLOCKS = YES;
				GCC_OPTIMIZATION_LEVEL = 0;
				GCC_PREPROCESSOR_DEFINITIONS = (
					"DEBUG=1",
					"$(inherited)",
				);
				GCC_WARN_64_TO_32_BIT_CONVERSION = YES;
				GCC_WARN_ABOUT_RETURN_TYPE = YES_ERROR;
				GCC_WARN_UNDECLARED_SELECTOR = YES;
				GCC_WARN_UNINITIALIZED_AUTOS = YES_AGGRESSIVE;
				GCC_WARN_UNUSED_FUNCTION = YES;
				GCC_WARN_UNUSED_VARIABLE = YES;
				IPHONEOS_DEPLOYMENT_TARGET = 12.2;
				MTL_ENABLE_DEBUG_INFO = INCLUDE_SOURCE;
				MTL_FAST_MATH = YES;
				ONLY_ACTIVE_ARCH = YES;
				SDKROOT = iphoneos;
			};
			name = Debug;
		};
		2809595922B8817C002EEBB3 /* Release */ = {
			isa = XCBuildConfiguration;
			buildSettings = {
				ALWAYS_SEARCH_USER_PATHS = NO;
				CLANG_ANALYZER_NONNULL = YES;
				CLANG_ANALYZER_NUMBER_OBJECT_CONVERSION = YES_AGGRESSIVE;
				CLANG_CXX_LANGUAGE_STANDARD = "gnu++14";
				CLANG_CXX_LIBRARY = "libc++";
				CLANG_ENABLE_MODULES = YES;
				CLANG_ENABLE_OBJC_ARC = YES;
				CLANG_ENABLE_OBJC_WEAK = YES;
				CLANG_WARN_BLOCK_CAPTURE_AUTORELEASING = YES;
				CLANG_WARN_BOOL_CONVERSION = YES;
				CLANG_WARN_COMMA = YES;
				CLANG_WARN_CONSTANT_CONVERSION = YES;
				CLANG_WARN_DEPRECATED_OBJC_IMPLEMENTATIONS = YES;
				CLANG_WARN_DIRECT_OBJC_ISA_USAGE = YES_ERROR;
				CLANG_WARN_DOCUMENTATION_COMMENTS = YES;
				CLANG_WARN_EMPTY_BODY = YES;
				CLANG_WARN_ENUM_CONVERSION = YES;
				CLANG_WARN_INFINITE_RECURSION = YES;
				CLANG_WARN_INT_CONVERSION = YES;
				CLANG_WARN_NON_LITERAL_NULL_CONVERSION = YES;
				CLANG_WARN_OBJC_IMPLICIT_RETAIN_SELF = YES;
				CLANG_WARN_OBJC_LITERAL_CONVERSION = YES;
				CLANG_WARN_OBJC_ROOT_CLASS = YES_ERROR;
				CLANG_WARN_RANGE_LOOP_ANALYSIS = YES;
				CLANG_WARN_STRICT_PROTOTYPES = YES;
				CLANG_WARN_SUSPICIOUS_MOVE = YES;
				CLANG_WARN_UNGUARDED_AVAILABILITY = YES_AGGRESSIVE;
				CLANG_WARN_UNREACHABLE_CODE = YES;
				CLANG_WARN__DUPLICATE_METHOD_MATCH = YES;
				CODE_SIGN_IDENTITY = "iPhone Developer";
				COPY_PHASE_STRIP = NO;
				DEBUG_INFORMATION_FORMAT = "dwarf-with-dsym";
				ENABLE_NS_ASSERTIONS = NO;
				ENABLE_STRICT_OBJC_MSGSEND = YES;
				GCC_C_LANGUAGE_STANDARD = gnu11;
				GCC_NO_COMMON_BLOCKS = YES;
				GCC_WARN_64_TO_32_BIT_CONVERSION = YES;
				GCC_WARN_ABOUT_RETURN_TYPE = YES_ERROR;
				GCC_WARN_UNDECLARED_SELECTOR = YES;
				GCC_WARN_UNINITIALIZED_AUTOS = YES_AGGRESSIVE;
				GCC_WARN_UNUSED_FUNCTION = YES;
				GCC_WARN_UNUSED_VARIABLE = YES;
				IPHONEOS_DEPLOYMENT_TARGET = 12.2;
				MTL_ENABLE_DEBUG_INFO = NO;
				MTL_FAST_MATH = YES;
				SDKROOT = iphoneos;
				VALIDATE_PRODUCT = YES;
			};
			name = Release;
		};
		2809595B22B8817C002EEBB3 /* Debug */ = {
			isa = XCBuildConfiguration;
			buildSettings = {
				ASSETCATALOG_COMPILER_APPICON_NAME = AppIcon;
				CODE_SIGN_STYLE = Manual;
				DEVELOPMENT_TEAM = W7CYZ5YY39;
				INFOPLIST_FILE = GYUIFactory/Info.plist;
				LD_RUNPATH_SEARCH_PATHS = (
					"$(inherited)",
					"@executable_path/Frameworks",
				);
				PRODUCT_BUNDLE_IDENTIFIER = com.xcz.GYUIFactory;
				PRODUCT_NAME = "$(TARGET_NAME)";
				PROVISIONING_PROFILE_SPECIFIER = xcz;
				TARGETED_DEVICE_FAMILY = "1,2";
			};
			name = Debug;
		};
		2809595C22B8817C002EEBB3 /* Release */ = {
			isa = XCBuildConfiguration;
			buildSettings = {
				ASSETCATALOG_COMPILER_APPICON_NAME = AppIcon;
				CODE_SIGN_STYLE = Manual;
				DEVELOPMENT_TEAM = W7CYZ5YY39;
				INFOPLIST_FILE = GYUIFactory/Info.plist;
				LD_RUNPATH_SEARCH_PATHS = (
					"$(inherited)",
					"@executable_path/Frameworks",
				);
				PRODUCT_BUNDLE_IDENTIFIER = com.xcz.GYUIFactory;
				PRODUCT_NAME = "$(TARGET_NAME)";
				PROVISIONING_PROFILE_SPECIFIER = xcz;
				TARGETED_DEVICE_FAMILY = "1,2";
			};
			name = Release;
		};
/* End XCBuildConfiguration section */

/* Begin XCConfigurationList section */
		2809593F22B88178002EEBB3 /* Build configuration list for PBXProject "GYUIFactory" */ = {
			isa = XCConfigurationList;
			buildConfigurations = (
				2809595822B8817C002EEBB3 /* Debug */,
				2809595922B8817C002EEBB3 /* Release */,
			);
			defaultConfigurationIsVisible = 0;
			defaultConfigurationName = Release;
		};
		2809595A22B8817C002EEBB3 /* Build configuration list for PBXNativeTarget "GYUIFactory" */ = {
			isa = XCConfigurationList;
			buildConfigurations = (
				2809595B22B8817C002EEBB3 /* Debug */,
				2809595C22B8817C002EEBB3 /* Release */,
			);
			defaultConfigurationIsVisible = 0;
			defaultConfigurationName = Release;
		};
/* End XCConfigurationList section */
	};
	rootObject = 2809593C22B88178002EEBB3 /* Project object */;
}
